// !$*UTF8*$!
{
	archiveVersion = 1;
	classes = {
	};
	objectVersion = 55;
	objects = {

/* Begin PBXBuildFile section */
		9365E572286A6C67009E8485 /* AppDelegate.swift in Sources */ = {isa = PBXBuildFile; fileRef = 9365E571286A6C67009E8485 /* AppDelegate.swift */; };
		9365E574286A6C67009E8485 /* SceneDelegate.swift in Sources */ = {isa = PBXBuildFile; fileRef = 9365E573286A6C67009E8485 /* SceneDelegate.swift */; };
		9365E576286A6C67009E8485 /* ViewController.swift in Sources */ = {isa = PBXBuildFile; fileRef = 9365E575286A6C67009E8485 /* ViewController.swift */; };
		9365E579286A6C67009E8485 /* Main.storyboard in Resources */ = {isa = PBXBuildFile; fileRef = 9365E577286A6C67009E8485 /* Main.storyboard */; };
		9365E57C286A6C67009E8485 /* ToDoList.xcdatamodeld in Sources */ = {isa = PBXBuildFile; fileRef = 9365E57A286A6C67009E8485 /* ToDoList.xcdatamodeld */; };
		9365E57E286A6C6A009E8485 /* Assets.xcassets in Resources */ = {isa = PBXBuildFile; fileRef = 9365E57D286A6C6A009E8485 /* Assets.xcassets */; };
		9365E581286A6C6A009E8485 /* LaunchScreen.storyboard in Resources */ = {isa = PBXBuildFile; fileRef = 9365E57F286A6C6A009E8485 /* LaunchScreen.storyboard */; };
		9365E58C286A6C6A009E8485 /* ToDoListTests.swift in Sources */ = {isa = PBXBuildFile; fileRef = 9365E58B286A6C6A009E8485 /* ToDoListTests.swift */; };
		9365E596286A6C6A009E8485 /* ToDoListUITests.swift in Sources */ = {isa = PBXBuildFile; fileRef = 9365E595286A6C6A009E8485 /* ToDoListUITests.swift */; };
		9365E598286A6C6A009E8485 /* ToDoListUITestsLaunchTests.swift in Sources */ = {isa = PBXBuildFile; fileRef = 9365E597286A6C6A009E8485 /* ToDoListUITestsLaunchTests.swift */; };
		9365E5A5286A6E62009E8485 /* ToDoTableViewController.swift in Sources */ = {isa = PBXBuildFile; fileRef = 9365E5A4286A6E62009E8485 /* ToDoTableViewController.swift */; };
		9365E5A7286B4559009E8485 /* ToDo.swift in Sources */ = {isa = PBXBuildFile; fileRef = 9365E5A6286B4559009E8485 /* ToDo.swift */; };
/* End PBXBuildFile section */

/* Begin PBXContainerItemProxy section */
		9365E588286A6C6A009E8485 /* PBXContainerItemProxy */ = {
			isa = PBXContainerItemProxy;
			containerPortal = 9365E566286A6C67009E8485 /* Project object */;
			proxyType = 1;
			remoteGlobalIDString = 9365E56D286A6C67009E8485;
			remoteInfo = ToDoList;
		};
		9365E592286A6C6A009E8485 /* PBXContainerItemProxy */ = {
			isa = PBXContainerItemProxy;
			containerPortal = 9365E566286A6C67009E8485 /* Project object */;
			proxyType = 1;
			remoteGlobalIDString = 9365E56D286A6C67009E8485;
			remoteInfo = ToDoList;
		};
/* End PBXContainerItemProxy section */

/* Begin PBXFileReference section */
		9365E56E286A6C67009E8485 /* ToDoList.app */ = {isa = PBXFileReference; explicitFileType = wrapper.application; includeInIndex = 0; path = ToDoList.app; sourceTree = BUILT_PRODUCTS_DIR; };
		9365E571286A6C67009E8485 /* AppDelegate.swift */ = {isa = PBXFileReference; lastKnownFileType = sourcecode.swift; path = AppDelegate.swift; sourceTree = "<group>"; };
		9365E573286A6C67009E8485 /* SceneDelegate.swift */ = {isa = PBXFileReference; lastKnownFileType = sourcecode.swift; path = SceneDelegate.swift; sourceTree = "<group>"; };
		9365E575286A6C67009E8485 /* ViewController.swift */ = {isa = PBXFileReference; lastKnownFileType = sourcecode.swift; path = ViewController.swift; sourceTree = "<group>"; };
		9365E578286A6C67009E8485 /* Base */ = {isa = PBXFileReference; lastKnownFileType = file.storyboard; name = Base; path = Base.lproj/Main.storyboard; sourceTree = "<group>"; };
		9365E57B286A6C67009E8485 /* ToDoList.xcdatamodel */ = {isa = PBXFileReference; lastKnownFileType = wrapper.xcdatamodel; path = ToDoList.xcdatamodel; sourceTree = "<group>"; };
		9365E57D286A6C6A009E8485 /* Assets.xcassets */ = {isa = PBXFileReference; lastKnownFileType = folder.assetcatalog; path = Assets.xcassets; sourceTree = "<group>"; };
		9365E580286A6C6A009E8485 /* Base */ = {isa = PBXFileReference; lastKnownFileType = file.storyboard; name = Base; path = Base.lproj/LaunchScreen.storyboard; sourceTree = "<group>"; };
		9365E582286A6C6A009E8485 /* Info.plist */ = {isa = PBXFileReference; lastKnownFileType = text.plist.xml; path = Info.plist; sourceTree = "<group>"; };
		9365E587286A6C6A009E8485 /* ToDoListTests.xctest */ = {isa = PBXFileReference; explicitFileType = wrapper.cfbundle; includeInIndex = 0; path = ToDoListTests.xctest; sourceTree = BUILT_PRODUCTS_DIR; };
		9365E58B286A6C6A009E8485 /* ToDoListTests.swift */ = {isa = PBXFileReference; lastKnownFileType = sourcecode.swift; path = ToDoListTests.swift; sourceTree = "<group>"; };
		9365E591286A6C6A009E8485 /* ToDoListUITests.xctest */ = {isa = PBXFileReference; explicitFileType = wrapper.cfbundle; includeInIndex = 0; path = ToDoListUITests.xctest; sourceTree = BUILT_PRODUCTS_DIR; };
		9365E595286A6C6A009E8485 /* ToDoListUITests.swift */ = {isa = PBXFileReference; lastKnownFileType = sourcecode.swift; path = ToDoListUITests.swift; sourceTree = "<group>"; };
		9365E597286A6C6A009E8485 /* ToDoListUITestsLaunchTests.swift */ = {isa = PBXFileReference; lastKnownFileType = sourcecode.swift; path = ToDoListUITestsLaunchTests.swift; sourceTree = "<group>"; };
		9365E5A4286A6E62009E8485 /* ToDoTableViewController.swift */ = {isa = PBXFileReference; lastKnownFileType = sourcecode.swift; path = ToDoTableViewController.swift; sourceTree = "<group>"; };
		9365E5A6286B4559009E8485 /* ToDo.swift */ = {isa = PBXFileReference; lastKnownFileType = sourcecode.swift; path = ToDo.swift; sourceTree = "<group>"; };
/* End PBXFileReference section */

/* Begin PBXFrameworksBuildPhase section */
		9365E56B286A6C67009E8485 /* Frameworks */ = {
			isa = PBXFrameworksBuildPhase;
			buildActionMask = 2147483647;
			files = (
			);
			runOnlyForDeploymentPostprocessing = 0;
		};
		9365E584286A6C6A009E8485 /* Frameworks */ = {
			isa = PBXFrameworksBuildPhase;
			buildActionMask = 2147483647;
			files = (
			);
			runOnlyForDeploymentPostprocessing = 0;
		};
		9365E58E286A6C6A009E8485 /* Frameworks */ = {
			isa = PBXFrameworksBuildPhase;
			buildActionMask = 2147483647;
			files = (
			);
			runOnlyForDeploymentPostprocessing = 0;
		};
/* End PBXFrameworksBuildPhase section */

/* Begin PBXGroup section */
		9365E565286A6C67009E8485 = {
			isa = PBXGroup;
			children = (
				9365E570286A6C67009E8485 /* ToDoList */,
				9365E58A286A6C6A009E8485 /* ToDoListTests */,
				9365E594286A6C6A009E8485 /* ToDoListUITests */,
				9365E56F286A6C67009E8485 /* Products */,
			);
			sourceTree = "<group>";
		};
		9365E56F286A6C67009E8485 /* Products */ = {
			isa = PBXGroup;
			children = (
				9365E56E286A6C67009E8485 /* ToDoList.app */,
				9365E587286A6C6A009E8485 /* ToDoListTests.xctest */,
				9365E591286A6C6A009E8485 /* ToDoListUITests.xctest */,
			);
			name = Products;
			sourceTree = "<group>";
		};
		9365E570286A6C67009E8485 /* ToDoList */ = {
			isa = PBXGroup;
			children = (
				9365E571286A6C67009E8485 /* AppDelegate.swift */,
				9365E573286A6C67009E8485 /* SceneDelegate.swift */,
				9365E575286A6C67009E8485 /* ViewController.swift */,
				9365E577286A6C67009E8485 /* Main.storyboard */,
				9365E57D286A6C6A009E8485 /* Assets.xcassets */,
				9365E57F286A6C6A009E8485 /* LaunchScreen.storyboard */,
				9365E582286A6C6A009E8485 /* Info.plist */,
				9365E57A286A6C67009E8485 /* ToDoList.xcdatamodeld */,
				9365E5A4286A6E62009E8485 /* ToDoTableViewController.swift */,
				9365E5A6286B4559009E8485 /* ToDo.swift */,
			);
			path = ToDoList;
			sourceTree = "<group>";
		};
		9365E58A286A6C6A009E8485 /* ToDoListTests */ = {
			isa = PBXGroup;
			children = (
				9365E58B286A6C6A009E8485 /* ToDoListTests.swift */,
			);
			path = ToDoListTests;
			sourceTree = "<group>";
		};
		9365E594286A6C6A009E8485 /* ToDoListUITests */ = {
			isa = PBXGroup;
			children = (
				9365E595286A6C6A009E8485 /* ToDoListUITests.swift */,
				9365E597286A6C6A009E8485 /* ToDoListUITestsLaunchTests.swift */,
			);
			path = ToDoListUITests;
			sourceTree = "<group>";
		};
/* End PBXGroup section */

/* Begin PBXNativeTarget section */
		9365E56D286A6C67009E8485 /* ToDoList */ = {
			isa = PBXNativeTarget;
			buildConfigurationList = 9365E59B286A6C6A009E8485 /* Build configuration list for PBXNativeTarget "ToDoList" */;
			buildPhases = (
				9365E56A286A6C67009E8485 /* Sources */,
				9365E56B286A6C67009E8485 /* Frameworks */,
				9365E56C286A6C67009E8485 /* Resources */,
			);
			buildRules = (
			);
			dependencies = (
			);
			name = ToDoList;
			productName = ToDoList;
			productReference = 9365E56E286A6C67009E8485 /* ToDoList.app */;
			productType = "com.apple.product-type.application";
		};
		9365E586286A6C6A009E8485 /* ToDoListTests */ = {
			isa = PBXNativeTarget;
			buildConfigurationList = 9365E59E286A6C6A009E8485 /* Build configuration list for PBXNativeTarget "ToDoListTests" */;
			buildPhases = (
				9365E583286A6C6A009E8485 /* Sources */,
				9365E584286A6C6A009E8485 /* Frameworks */,
				9365E585286A6C6A009E8485 /* Resources */,
			);
			buildRules = (
			);
			dependencies = (
				9365E589286A6C6A009E8485 /* PBXTargetDependency */,
			);
			name = ToDoListTests;
			productName = ToDoListTests;
			productReference = 9365E587286A6C6A009E8485 /* ToDoListTests.xctest */;
			productType = "com.apple.product-type.bundle.unit-test";
		};
		9365E590286A6C6A009E8485 /* ToDoListUITests */ = {
			isa = PBXNativeTarget;
			buildConfigurationList = 9365E5A1286A6C6A009E8485 /* Build configuration list for PBXNativeTarget "ToDoListUITests" */;
			buildPhases = (
				9365E58D286A6C6A009E8485 /* Sources */,
				9365E58E286A6C6A009E8485 /* Frameworks */,
				9365E58F286A6C6A009E8485 /* Resources */,
			);
			buildRules = (
			);
			dependencies = (
				9365E593286A6C6A009E8485 /* PBXTargetDependency */,
			);
			name = ToDoListUITests;
			productName = ToDoListUITests;
			productReference = 9365E591286A6C6A009E8485 /* ToDoListUITests.xctest */;
			productType = "com.apple.product-type.bundle.ui-testing";
		};
/* End PBXNativeTarget section */

/* Begin PBXProject section */
		9365E566286A6C67009E8485 /* Project object */ = {
			isa = PBXProject;
			attributes = {
				BuildIndependentTargetsInParallel = 1;
				LastSwiftUpdateCheck = 1340;
				LastUpgradeCheck = 1340;
				TargetAttributes = {
					9365E56D286A6C67009E8485 = {
						CreatedOnToolsVersion = 13.4.1;
					};
					9365E586286A6C6A009E8485 = {
						CreatedOnToolsVersion = 13.4.1;
						TestTargetID = 9365E56D286A6C67009E8485;
					};
					9365E590286A6C6A009E8485 = {
						CreatedOnToolsVersion = 13.4.1;
						TestTargetID = 9365E56D286A6C67009E8485;
					};
				};
			};
			buildConfigurationList = 9365E569286A6C67009E8485 /* Build configuration list for PBXProject "ToDoList" */;
			compatibilityVersion = "Xcode 13.0";
			developmentRegion = en;
			hasScannedForEncodings = 0;
			knownRegions = (
				en,
				Base,
			);
			mainGroup = 9365E565286A6C67009E8485;
			productRefGroup = 9365E56F286A6C67009E8485 /* Products */;
			projectDirPath = "";
			projectRoot = "";
			targets = (
				9365E56D286A6C67009E8485 /* ToDoList */,
				9365E586286A6C6A009E8485 /* ToDoListTests */,
				9365E590286A6C6A009E8485 /* ToDoListUITests */,
			);
		};
/* End PBXProject section */

/* Begin PBXResourcesBuildPhase section */
		9365E56C286A6C67009E8485 /* Resources */ = {
			isa = PBXResourcesBuildPhase;
			buildActionMask = 2147483647;
			files = (
				9365E581286A6C6A009E8485 /* LaunchScreen.storyboard in Resources */,
				9365E57E286A6C6A009E8485 /* Assets.xcassets in Resources */,
				9365E579286A6C67009E8485 /* Main.storyboard in Resources */,
			);
			runOnlyForDeploymentPostprocessing = 0;
		};
		9365E585286A6C6A009E8485 /* Resources */ = {
			isa = PBXResourcesBuildPhase;
			buildActionMask = 2147483647;
			files = (
			);
			runOnlyForDeploymentPostprocessing = 0;
		};
		9365E58F286A6C6A009E8485 /* Resources */ = {
			isa = PBXResourcesBuildPhase;
			buildActionMask = 2147483647;
			files = (
			);
			runOnlyForDeploymentPostprocessing = 0;
		};
/* End PBXResourcesBuildPhase section */

/* Begin PBXSourcesBuildPhase section */
		9365E56A286A6C67009E8485 /* Sources */ = {
			isa = PBXSourcesBuildPhase;
			buildActionMask = 2147483647;
			files = (
				9365E576286A6C67009E8485 /* ViewController.swift in Sources */,
				9365E572286A6C67009E8485 /* AppDelegate.swift in Sources */,
				9365E574286A6C67009E8485 /* SceneDelegate.swift in Sources */,
				9365E5A7286B4559009E8485 /* ToDo.swift in Sources */,
				9365E57C286A6C67009E8485 /* ToDoList.xcdatamodeld in Sources */,
				9365E5A5286A6E62009E8485 /* ToDoTableViewController.swift in Sources */,
			);
			runOnlyForDeploymentPostprocessing = 0;
		};
		9365E583286A6C6A009E8485 /* Sources */ = {
			isa = PBXSourcesBuildPhase;
			buildActionMask = 2147483647;
			files = (
				9365E58C286A6C6A009E8485 /* ToDoListTests.swift in Sources */,
			);
			runOnlyForDeploymentPostprocessing = 0;
		};
		9365E58D286A6C6A009E8485 /* Sources */ = {
			isa = PBXSourcesBuildPhase;
			buildActionMask = 2147483647;
			files = (
				9365E598286A6C6A009E8485 /* ToDoListUITestsLaunchTests.swift in Sources */,
				9365E596286A6C6A009E8485 /* ToDoListUITests.swift in Sources */,
			);
			runOnlyForDeploymentPostprocessing = 0;
		};
/* End PBXSourcesBuildPhase section */

/* Begin PBXTargetDependency section */
		9365E589286A6C6A009E8485 /* PBXTargetDependency */ = {
			isa = PBXTargetDependency;
			target = 9365E56D286A6C67009E8485 /* ToDoList */;
			targetProxy = 9365E588286A6C6A009E8485 /* PBXContainerItemProxy */;
		};
		9365E593286A6C6A009E8485 /* PBXTargetDependency */ = {
			isa = PBXTargetDependency;
			target = 9365E56D286A6C67009E8485 /* ToDoList */;
			targetProxy = 9365E592286A6C6A009E8485 /* PBXContainerItemProxy */;
		};
/* End PBXTargetDependency section */

/* Begin PBXVariantGroup section */
		9365E577286A6C67009E8485 /* Main.storyboard */ = {
			isa = PBXVariantGroup;
			children = (
				9365E578286A6C67009E8485 /* Base */,
			);
			name = Main.storyboard;
			sourceTree = "<group>";
		};
		9365E57F286A6C6A009E8485 /* LaunchScreen.storyboard */ = {
			isa = PBXVariantGroup;
			children = (
				9365E580286A6C6A009E8485 /* Base */,
			);
			name = LaunchScreen.storyboard;
			sourceTree = "<group>";
		};
/* End PBXVariantGroup section */

/* Begin XCBuildConfiguration section */
		9365E599286A6C6A009E8485 /* Debug */ = {
			isa = XCBuildConfiguration;
			buildSettings = {
				ALWAYS_SEARCH_USER_PATHS = NO;
				CLANG_ANALYZER_NONNULL = YES;
				CLANG_ANALYZER_NUMBER_OBJECT_CONVERSION = YES_AGGRESSIVE;
				CLANG_CXX_LANGUAGE_STANDARD = "gnu++17";
				CLANG_ENABLE_MODULES = YES;
				CLANG_ENABLE_OBJC_ARC = YES;
				CLANG_ENABLE_OBJC_WEAK = YES;
				CLANG_WARN_BLOCK_CAPTURE_AUTORELEASING = YES;
				CLANG_WARN_BOOL_CONVERSION = YES;
				CLANG_WARN_COMMA = YES;
				CLANG_WARN_CONSTANT_CONVERSION = YES;
				CLANG_WARN_DEPRECATED_OBJC_IMPLEMENTATIONS = YES;
				CLANG_WARN_DIRECT_OBJC_ISA_USAGE = YES_ERROR;
				CLANG_WARN_DOCUMENTATION_COMMENTS = YES;
				CLANG_WARN_EMPTY_BODY = YES;
				CLANG_WARN_ENUM_CONVERSION = YES;
				CLANG_WARN_INFINITE_RECURSION = YES;
				CLANG_WARN_INT_CONVERSION = YES;
				CLANG_WARN_NON_LITERAL_NULL_CONVERSION = YES;
				CLANG_WARN_OBJC_IMPLICIT_RETAIN_SELF = YES;
				CLANG_WARN_OBJC_LITERAL_CONVERSION = YES;
				CLANG_WARN_OBJC_ROOT_CLASS = YES_ERROR;
				CLANG_WARN_QUOTED_INCLUDE_IN_FRAMEWORK_HEADER = YES;
				CLANG_WARN_RANGE_LOOP_ANALYSIS = YES;
				CLANG_WARN_STRICT_PROTOTYPES = YES;
				CLANG_WARN_SUSPICIOUS_MOVE = YES;
				CLANG_WARN_UNGUARDED_AVAILABILITY = YES_AGGRESSIVE;
				CLANG_WARN_UNREACHABLE_CODE = YES;
				CLANG_WARN__DUPLICATE_METHOD_MATCH = YES;
				COPY_PHASE_STRIP = NO;
				DEBUG_INFORMATION_FORMAT = dwarf;
				ENABLE_STRICT_OBJC_MSGSEND = YES;
				ENABLE_TESTABILITY = YES;
				GCC_C_LANGUAGE_STANDARD = gnu11;
				GCC_DYNAMIC_NO_PIC = NO;
				GCC_NO_COMMON_BLOCKS = YES;
				GCC_OPTIMIZATION_LEVEL = 0;
				GCC_PREPROCESSOR_DEFINITIONS = (
					"DEBUG=1",
					"$(inherited)",
				);
				GCC_WARN_64_TO_32_BIT_CONVERSION = YES;
				GCC_WARN_ABOUT_RETURN_TYPE = YES_ERROR;
				GCC_WARN_UNDECLARED_SELECTOR = YES;
				GCC_WARN_UNINITIALIZED_AUTOS = YES_AGGRESSIVE;
				GCC_WARN_UNUSED_FUNCTION = YES;
				GCC_WARN_UNUSED_VARIABLE = YES;
				IPHONEOS_DEPLOYMENT_TARGET = 15.5;
				MTL_ENABLE_DEBUG_INFO = INCLUDE_SOURCE;
				MTL_FAST_MATH = YES;
				ONLY_ACTIVE_ARCH = YES;
				SDKROOT = iphoneos;
				SWIFT_ACTIVE_COMPILATION_CONDITIONS = DEBUG;
				SWIFT_OPTIMIZATION_LEVEL = "-Onone";
			};
			name = Debug;
		};
		9365E59A286A6C6A009E8485 /* Release */ = {
			isa = XCBuildConfiguration;
			buildSettings = {
				ALWAYS_SEARCH_USER_PATHS = NO;
				CLANG_ANALYZER_NONNULL = YES;
				CLANG_ANALYZER_NUMBER_OBJECT_CONVERSION = YES_AGGRESSIVE;
				CLANG_CXX_LANGUAGE_STANDARD = "gnu++17";
				CLANG_ENABLE_MODULES = YES;
				CLANG_ENABLE_OBJC_ARC = YES;
				CLANG_ENABLE_OBJC_WEAK = YES;
				CLANG_WARN_BLOCK_CAPTURE_AUTORELEASING = YES;
				CLANG_WARN_BOOL_CONVERSION = YES;
				CLANG_WARN_COMMA = YES;
				CLANG_WARN_CONSTANT_CONVERSION = YES;
				CLANG_WARN_DEPRECATED_OBJC_IMPLEMENTATIONS = YES;
				CLANG_WARN_DIRECT_OBJC_ISA_USAGE = YES_ERROR;
				CLANG_WARN_DOCUMENTATION_COMMENTS = YES;
				CLANG_WARN_EMPTY_BODY = YES;
				CLANG_WARN_ENUM_CONVERSION = YES;
				CLANG_WARN_INFINITE_RECURSION = YES;
				CLANG_WARN_INT_CONVERSION = YES;
				CLANG_WARN_NON_LITERAL_NULL_CONVERSION = YES;
				CLANG_WARN_OBJC_IMPLICIT_RETAIN_SELF = YES;
				CLANG_WARN_OBJC_LITERAL_CONVERSION = YES;
				CLANG_WARN_OBJC_ROOT_CLASS = YES_ERROR;
				CLANG_WARN_QUOTED_INCLUDE_IN_FRAMEWORK_HEADER = YES;
				CLANG_WARN_RANGE_LOOP_ANALYSIS = YES;
				CLANG_WARN_STRICT_PROTOTYPES = YES;
				CLANG_WARN_SUSPICIOUS_MOVE = YES;
				CLANG_WARN_UNGUARDED_AVAILABILITY = YES_AGGRESSIVE;
				CLANG_WARN_UNREACHABLE_CODE = YES;
				CLANG_WARN__DUPLICATE_METHOD_MATCH = YES;
				COPY_PHASE_STRIP = NO;
				DEBUG_INFORMATION_FORMAT = "dwarf-with-dsym";
				ENABLE_NS_ASSERTIONS = NO;
				ENABLE_STRICT_OBJC_MSGSEND = YES;
				GCC_C_LANGUAGE_STANDARD = gnu11;
				GCC_NO_COMMON_BLOCKS = YES;
				GCC_WARN_64_TO_32_BIT_CONVERSION = YES;
				GCC_WARN_ABOUT_RETURN_TYPE = YES_ERROR;
				GCC_WARN_UNDECLARED_SELECTOR = YES;
				GCC_WARN_UNINITIALIZED_AUTOS = YES_AGGRESSIVE;
				GCC_WARN_UNUSED_FUNCTION = YES;
				GCC_WARN_UNUSED_VARIABLE = YES;
				IPHONEOS_DEPLOYMENT_TARGET = 15.5;
				MTL_ENABLE_DEBUG_INFO = NO;
				MTL_FAST_MATH = YES;
				SDKROOT = iphoneos;
				SWIFT_COMPILATION_MODE = wholemodule;
				SWIFT_OPTIMIZATION_LEVEL = "-O";
				VALIDATE_PRODUCT = YES;
			};
			name = Release;
		};
		9365E59C286A6C6A009E8485 /* Debug */ = {
			isa = XCBuildConfiguration;
			buildSettings = {
				ASSETCATALOG_COMPILER_APPICON_NAME = AppIcon;
				ASSETCATALOG_COMPILER_GLOBAL_ACCENT_COLOR_NAME = AccentColor;
				CODE_SIGN_STYLE = Automatic;
				CURRENT_PROJECT_VERSION = 1;
				GENERATE_INFOPLIST_FILE = YES;
				INFOPLIST_FILE = ToDoList/Info.plist;
				INFOPLIST_KEY_UIApplicationSupportsIndirectInputEvents = YES;
				INFOPLIST_KEY_UILaunchStoryboardName = LaunchScreen;
				INFOPLIST_KEY_UIMainStoryboardFile = Main;
				INFOPLIST_KEY_UISupportedInterfaceOrientations_iPad = "UIInterfaceOrientationPortrait UIInterfaceOrientationPortraitUpsideDown UIInterfaceOrientationLandscapeLeft UIInterfaceOrientationLandscapeRight";
				INFOPLIST_KEY_UISupportedInterfaceOrientations_iPhone = "UIInterfaceOrientationPortrait UIInterfaceOrientationLandscapeLeft UIInterfaceOrientationLandscapeRight";
				LD_RUNPATH_SEARCH_PATHS = (
					"$(inherited)",
					"@executable_path/Frameworks",
				);
				MARKETING_VERSION = 1.0;
				PRODUCT_BUNDLE_IDENTIFIER = kwk.ToDoList;
				PRODUCT_NAME = "$(TARGET_NAME)";
				SWIFT_EMIT_LOC_STRINGS = YES;
				SWIFT_VERSION = 5.0;
				TARGETED_DEVICE_FAMILY = "1,2";
			};
			name = Debug;
		};
		9365E59D286A6C6A009E8485 /* Release */ = {
			isa = XCBuildConfiguration;
			buildSettings = {
				ASSETCATALOG_COMPILER_APPICON_NAME = AppIcon;
				ASSETCATALOG_COMPILER_GLOBAL_ACCENT_COLOR_NAME = AccentColor;
				CODE_SIGN_STYLE = Automatic;
				CURRENT_PROJECT_VERSION = 1;
				GENERATE_INFOPLIST_FILE = YES;
				INFOPLIST_FILE = ToDoList/Info.plist;
				INFOPLIST_KEY_UIApplicationSupportsIndirectInputEvents = YES;
				INFOPLIST_KEY_UILaunchStoryboardName = LaunchScreen;
				INFOPLIST_KEY_UIMainStoryboardFile = Main;
				INFOPLIST_KEY_UISupportedInterfaceOrientations_iPad = "UIInterfaceOrientationPortrait UIInterfaceOrientationPortraitUpsideDown UIInterfaceOrientationLandscapeLeft UIInterfaceOrientationLandscapeRight";
				INFOPLIST_KEY_UISupportedInterfaceOrientations_iPhone = "UIInterfaceOrientationPortrait UIInterfaceOrientationLandscapeLeft UIInterfaceOrientationLandscapeRight";
				LD_RUNPATH_SEARCH_PATHS = (
					"$(inherited)",
					"@executable_path/Frameworks",
				);
				MARKETING_VERSION = 1.0;
				PRODUCT_BUNDLE_IDENTIFIER = kwk.ToDoList;
				PRODUCT_NAME = "$(TARGET_NAME)";
				SWIFT_EMIT_LOC_STRINGS = YES;
				SWIFT_VERSION = 5.0;
				TARGETED_DEVICE_FAMILY = "1,2";
			};
			name = Release;
		};
		9365E59F286A6C6A009E8485 /* Debug */ = {
			isa = XCBuildConfiguration;
			buildSettings = {
				ALWAYS_EMBED_SWIFT_STANDARD_LIBRARIES = YES;
				BUNDLE_LOADER = "$(TEST_HOST)";
				CODE_SIGN_STYLE = Automatic;
				CURRENT_PROJECT_VERSION = 1;
				GENERATE_INFOPLIST_FILE = YES;
				IPHONEOS_DEPLOYMENT_TARGET = 15.5;
				MARKETING_VERSION = 1.0;
				PRODUCT_BUNDLE_IDENTIFIER = kwk.ToDoListTests;
				PRODUCT_NAME = "$(TARGET_NAME)";
				SWIFT_EMIT_LOC_STRINGS = NO;
				SWIFT_VERSION = 5.0;
				TARGETED_DEVICE_FAMILY = "1,2";
				TEST_HOST = "$(BUILT_PRODUCTS_DIR)/ToDoList.app/ToDoList";
			};
			name = Debug;
		};
		9365E5A0286A6C6A009E8485 /* Release */ = {
			isa = XCBuildConfiguration;
			buildSettings = {
				ALWAYS_EMBED_SWIFT_STANDARD_LIBRARIES = YES;
				BUNDLE_LOADER = "$(TEST_HOST)";
				CODE_SIGN_STYLE = Automatic;
				CURRENT_PROJECT_VERSION = 1;
				GENERATE_INFOPLIST_FILE = YES;
				IPHONEOS_DEPLOYMENT_TARGET = 15.5;
				MARKETING_VERSION = 1.0;
				PRODUCT_BUNDLE_IDENTIFIER = kwk.ToDoListTests;
				PRODUCT_NAME = "$(TARGET_NAME)";
				SWIFT_EMIT_LOC_STRINGS = NO;
				SWIFT_VERSION = 5.0;
				TARGETED_DEVICE_FAMILY = "1,2";
				TEST_HOST = "$(BUILT_PRODUCTS_DIR)/ToDoList.app/ToDoList";
			};
			name = Release;
		};
		9365E5A2286A6C6A009E8485 /* Debug */ = {
			isa = XCBuildConfiguration;
			buildSettings = {
				ALWAYS_EMBED_SWIFT_STANDARD_LIBRARIES = YES;
				CODE_SIGN_STYLE = Automatic;
				CURRENT_PROJECT_VERSION = 1;
				GENERATE_INFOPLIST_FILE = YES;
				MARKETING_VERSION = 1.0;
				PRODUCT_BUNDLE_IDENTIFIER = kwk.ToDoListUITests;
				PRODUCT_NAME = "$(TARGET_NAME)";
				SWIFT_EMIT_LOC_STRINGS = NO;
				SWIFT_VERSION = 5.0;
				TARGETED_DEVICE_FAMILY = "1,2";
				TEST_TARGET_NAME = ToDoList;
			};
			name = Debug;
		};
		9365E5A3286A6C6A009E8485 /* Release */ = {
			isa = XCBuildConfiguration;
			buildSettings = {
				ALWAYS_EMBED_SWIFT_STANDARD_LIBRARIES = YES;
				CODE_SIGN_STYLE = Automatic;
				CURRENT_PROJECT_VERSION = 1;
				GENERATE_INFOPLIST_FILE = YES;
				MARKETING_VERSION = 1.0;
				PRODUCT_BUNDLE_IDENTIFIER = kwk.ToDoListUITests;
				PRODUCT_NAME = "$(TARGET_NAME)";
				SWIFT_EMIT_LOC_STRINGS = NO;
				SWIFT_VERSION = 5.0;
				TARGETED_DEVICE_FAMILY = "1,2";
				TEST_TARGET_NAME = ToDoList;
			};
			name = Release;
		};
/* End XCBuildConfiguration section */

/* Begin XCConfigurationList section */
		9365E569286A6C67009E8485 /* Build configuration list for PBXProject "ToDoList" */ = {
			isa = XCConfigurationList;
			buildConfigurations = (
				9365E599286A6C6A009E8485 /* Debug */,
				9365E59A286A6C6A009E8485 /* Release */,
			);
			defaultConfigurationIsVisible = 0;
			defaultConfigurationName = Release;
		};
		9365E59B286A6C6A009E8485 /* Build configuration list for PBXNativeTarget "ToDoList" */ = {
			isa = XCConfigurationList;
			buildConfigurations = (
				9365E59C286A6C6A009E8485 /* Debug */,
				9365E59D286A6C6A009E8485 /* Release */,
			);
			defaultConfigurationIsVisible = 0;
			defaultConfigurationName = Release;
		};
		9365E59E286A6C6A009E8485 /* Build configuration list for PBXNativeTarget "ToDoListTests" */ = {
			isa = XCConfigurationList;
			buildConfigurations = (
				9365E59F286A6C6A009E8485 /* Debug */,
				9365E5A0286A6C6A009E8485 /* Release */,
			);
			defaultConfigurationIsVisible = 0;
			defaultConfigurationName = Release;
		};
		9365E5A1286A6C6A009E8485 /* Build configuration list for PBXNativeTarget "ToDoListUITests" */ = {
			isa = XCConfigurationList;
			buildConfigurations = (
				9365E5A2286A6C6A009E8485 /* Debug */,
				9365E5A3286A6C6A009E8485 /* Release */,
			);
			defaultConfigurationIsVisible = 0;
			defaultConfigurationName = Release;
		};
/* End XCConfigurationList section */

/* Begin XCVersionGroup section */
		9365E57A286A6C67009E8485 /* ToDoList.xcdatamodeld */ = {
			isa = XCVersionGroup;
			children = (
				9365E57B286A6C67009E8485 /* ToDoList.xcdatamodel */,
			);
			currentVersion = 9365E57B286A6C67009E8485 /* ToDoList.xcdatamodel */;
			path = ToDoList.xcdatamodeld;
			sourceTree = "<group>";
			versionGroupType = wrapper.xcdatamodel;
		};
/* End XCVersionGroup section */
	};
	rootObject = 9365E566286A6C67009E8485 /* Project object */;
}
